// !$*UTF8*$!
{
	archiveVersion = 1;
	classes = {
	};
	objectVersion = 50;
	objects = {

/* Begin PBXBuildFile section */
		0360DA38251245B30084124A /* LocationManager.swift in Sources */ = {isa = PBXBuildFile; fileRef = 0360DA37251245B30084124A /* LocationManager.swift */; };
		0360DA3A25124F9D0084124A /* Coordinates.swift in Sources */ = {isa = PBXBuildFile; fileRef = 0360DA3925124F9D0084124A /* Coordinates.swift */; };
		0360DA3C2513800C0084124A /* NetworkManagerTest.swift in Sources */ = {isa = PBXBuildFile; fileRef = 0360DA3B2513800C0084124A /* NetworkManagerTest.swift */; };
		0360DA3E2513C4A10084124A /* CurrentWeatherViewModelTests.swift in Sources */ = {isa = PBXBuildFile; fileRef = 0360DA3D2513C4A10084124A /* CurrentWeatherViewModelTests.swift */; };
		03C7565E2507BA2A00447E2F /* WeekWeatherViewController.swift in Sources */ = {isa = PBXBuildFile; fileRef = 03C7565D2507BA2A00447E2F /* WeekWeatherViewController.swift */; };
		03C756602507C00400447E2F /* WeekWeatherViewModel.swift in Sources */ = {isa = PBXBuildFile; fileRef = 03C7565F2507C00400447E2F /* WeekWeatherViewModel.swift */; };
		03C756622508D6E000447E2F /* WeatherTableViewCell.swift in Sources */ = {isa = PBXBuildFile; fileRef = 03C756612508D6E000447E2F /* WeatherTableViewCell.swift */; };
		03C75664250979EC00447E2F /* WeekWeather.swift in Sources */ = {isa = PBXBuildFile; fileRef = 03C75663250979EC00447E2F /* WeekWeather.swift */; };
		03F5485925010E0C003291E0 /* AppDelegate.swift in Sources */ = {isa = PBXBuildFile; fileRef = 03F5485825010E0C003291E0 /* AppDelegate.swift */; };
		03F5486525010E0F003291E0 /* Assets.xcassets in Resources */ = {isa = PBXBuildFile; fileRef = 03F5486425010E0F003291E0 /* Assets.xcassets */; };
		03F5486825010E0F003291E0 /* LaunchScreen.storyboard in Resources */ = {isa = PBXBuildFile; fileRef = 03F5486625010E0F003291E0 /* LaunchScreen.storyboard */; };
		03F5488E2501241B003291E0 /* WeatherModels.swift in Sources */ = {isa = PBXBuildFile; fileRef = 03F5488D2501241B003291E0 /* WeatherModels.swift */; };
		03F5489225012750003291E0 /* NetworkManager.swift in Sources */ = {isa = PBXBuildFile; fileRef = 03F5489125012750003291E0 /* NetworkManager.swift */; };
		03F54896250258EC003291E0 /* MainViewController.swift in Sources */ = {isa = PBXBuildFile; fileRef = 03F54895250258EC003291E0 /* MainViewController.swift */; };
		03F5489A25025DF3003291E0 /* CurrentWeatherViewModel.swift in Sources */ = {isa = PBXBuildFile; fileRef = 03F5489925025DF3003291E0 /* CurrentWeatherViewModel.swift */; };
		03F5489C2502DBF2003291E0 /* CurrentWeatherViewController.swift in Sources */ = {isa = PBXBuildFile; fileRef = 03F5489B2502DBF2003291E0 /* CurrentWeatherViewController.swift */; };
		03F5489E2502E843003291E0 /* CurrentWeatherView.swift in Sources */ = {isa = PBXBuildFile; fileRef = 03F5489D2502E843003291E0 /* CurrentWeatherView.swift */; };
		03F548A22503939B003291E0 /* InfoElement.swift in Sources */ = {isa = PBXBuildFile; fileRef = 03F548A12503939B003291E0 /* InfoElement.swift */; };
/* End PBXBuildFile section */

/* Begin PBXContainerItemProxy section */
		03F5486F25010E0F003291E0 /* PBXContainerItemProxy */ = {
			isa = PBXContainerItemProxy;
			containerPortal = 03F5484D25010E0C003291E0 /* Project object */;
			proxyType = 1;
			remoteGlobalIDString = 03F5485425010E0C003291E0;
			remoteInfo = WeatherApp;
		};
/* End PBXContainerItemProxy section */

/* Begin PBXFileReference section */
		0360DA37251245B30084124A /* LocationManager.swift */ = {isa = PBXFileReference; lastKnownFileType = sourcecode.swift; path = LocationManager.swift; sourceTree = "<group>"; };
		0360DA3925124F9D0084124A /* Coordinates.swift */ = {isa = PBXFileReference; lastKnownFileType = sourcecode.swift; name = Coordinates.swift; path = WeatherApp/Models/Coordinates.swift; sourceTree = SOURCE_ROOT; };
		0360DA3B2513800C0084124A /* NetworkManagerTest.swift */ = {isa = PBXFileReference; lastKnownFileType = sourcecode.swift; path = NetworkManagerTest.swift; sourceTree = "<group>"; };
		0360DA3D2513C4A10084124A /* CurrentWeatherViewModelTests.swift */ = {isa = PBXFileReference; lastKnownFileType = sourcecode.swift; path = CurrentWeatherViewModelTests.swift; sourceTree = "<group>"; };
		03C7565D2507BA2A00447E2F /* WeekWeatherViewController.swift */ = {isa = PBXFileReference; lastKnownFileType = sourcecode.swift; path = WeekWeatherViewController.swift; sourceTree = "<group>"; };
		03C7565F2507C00400447E2F /* WeekWeatherViewModel.swift */ = {isa = PBXFileReference; lastKnownFileType = sourcecode.swift; path = WeekWeatherViewModel.swift; sourceTree = "<group>"; };
		03C756612508D6E000447E2F /* WeatherTableViewCell.swift */ = {isa = PBXFileReference; lastKnownFileType = sourcecode.swift; path = WeatherTableViewCell.swift; sourceTree = "<group>"; };
		03C75663250979EC00447E2F /* WeekWeather.swift */ = {isa = PBXFileReference; lastKnownFileType = sourcecode.swift; path = WeekWeather.swift; sourceTree = "<group>"; };
		03F5485525010E0C003291E0 /* WeatherApp.app */ = {isa = PBXFileReference; explicitFileType = wrapper.application; includeInIndex = 0; path = WeatherApp.app; sourceTree = BUILT_PRODUCTS_DIR; };
		03F5485825010E0C003291E0 /* AppDelegate.swift */ = {isa = PBXFileReference; lastKnownFileType = sourcecode.swift; path = AppDelegate.swift; sourceTree = "<group>"; };
		03F5486425010E0F003291E0 /* Assets.xcassets */ = {isa = PBXFileReference; lastKnownFileType = folder.assetcatalog; path = Assets.xcassets; sourceTree = "<group>"; };
		03F5486725010E0F003291E0 /* Base */ = {isa = PBXFileReference; lastKnownFileType = file.storyboard; name = Base; path = Base.lproj/LaunchScreen.storyboard; sourceTree = "<group>"; };
		03F5486925010E0F003291E0 /* Info.plist */ = {isa = PBXFileReference; lastKnownFileType = text.plist.xml; path = Info.plist; sourceTree = "<group>"; };
		03F5486E25010E0F003291E0 /* WeatherAppTests.xctest */ = {isa = PBXFileReference; explicitFileType = wrapper.cfbundle; includeInIndex = 0; path = WeatherAppTests.xctest; sourceTree = BUILT_PRODUCTS_DIR; };
		03F5487425010E0F003291E0 /* Info.plist */ = {isa = PBXFileReference; lastKnownFileType = text.plist.xml; path = Info.plist; sourceTree = "<group>"; };
		03F5488D2501241B003291E0 /* WeatherModels.swift */ = {isa = PBXFileReference; lastKnownFileType = sourcecode.swift; name = WeatherModels.swift; path = WeatherApp/Models/WeatherModels.swift; sourceTree = SOURCE_ROOT; };
		03F5489125012750003291E0 /* NetworkManager.swift */ = {isa = PBXFileReference; lastKnownFileType = sourcecode.swift; path = NetworkManager.swift; sourceTree = "<group>"; };
		03F54895250258EC003291E0 /* MainViewController.swift */ = {isa = PBXFileReference; lastKnownFileType = sourcecode.swift; name = MainViewController.swift; path = WeatherApp/Controllers/MainViewController.swift; sourceTree = SOURCE_ROOT; };
		03F5489925025DF3003291E0 /* CurrentWeatherViewModel.swift */ = {isa = PBXFileReference; lastKnownFileType = sourcecode.swift; name = CurrentWeatherViewModel.swift; path = WeatherApp/ViewModels/CurrentWeatherViewModel.swift; sourceTree = SOURCE_ROOT; };
		03F5489B2502DBF2003291E0 /* CurrentWeatherViewController.swift */ = {isa = PBXFileReference; lastKnownFileType = sourcecode.swift; name = CurrentWeatherViewController.swift; path = WeatherApp/Controllers/CurrentWeatherViewController.swift; sourceTree = SOURCE_ROOT; };
		03F5489D2502E843003291E0 /* CurrentWeatherView.swift */ = {isa = PBXFileReference; lastKnownFileType = sourcecode.swift; path = CurrentWeatherView.swift; sourceTree = "<group>"; };
		03F548A12503939B003291E0 /* InfoElement.swift */ = {isa = PBXFileReference; lastKnownFileType = sourcecode.swift; name = InfoElement.swift; path = WeatherApp/Views/InfoElement.swift; sourceTree = SOURCE_ROOT; };
/* End PBXFileReference section */

/* Begin PBXFrameworksBuildPhase section */
		03F5485225010E0C003291E0 /* Frameworks */ = {
			isa = PBXFrameworksBuildPhase;
			buildActionMask = 2147483647;
			files = (
			);
			runOnlyForDeploymentPostprocessing = 0;
		};
		03F5486B25010E0F003291E0 /* Frameworks */ = {
			isa = PBXFrameworksBuildPhase;
			buildActionMask = 2147483647;
			files = (
			);
			runOnlyForDeploymentPostprocessing = 0;
		};
/* End PBXFrameworksBuildPhase section */

/* Begin PBXGroup section */
		03F5484C25010E0C003291E0 = {
			isa = PBXGroup;
			children = (
				03F5485725010E0C003291E0 /* WeatherApp */,
				03F5487125010E0F003291E0 /* WeatherAppTests */,
				03F5485625010E0C003291E0 /* Products */,
			);
			sourceTree = "<group>";
		};
		03F5485625010E0C003291E0 /* Products */ = {
			isa = PBXGroup;
			children = (
				03F5485525010E0C003291E0 /* WeatherApp.app */,
				03F5486E25010E0F003291E0 /* WeatherAppTests.xctest */,
			);
			name = Products;
			sourceTree = "<group>";
		};
		03F5485725010E0C003291E0 /* WeatherApp */ = {
			isa = PBXGroup;
			children = (
				03F5488B250122C6003291E0 /* Controllers */,
				03F5488C250123F5003291E0 /* Models */,
				03F5489725025DB2003291E0 /* ViewModels */,
				03F5489825025DBC003291E0 /* Views */,
				03F5485825010E0C003291E0 /* AppDelegate.swift */,
				03F5489125012750003291E0 /* NetworkManager.swift */,
				0360DA37251245B30084124A /* LocationManager.swift */,
				03F5486425010E0F003291E0 /* Assets.xcassets */,
				03F5486625010E0F003291E0 /* LaunchScreen.storyboard */,
				03F5486925010E0F003291E0 /* Info.plist */,
			);
			path = WeatherApp;
			sourceTree = "<group>";
		};
		03F5487125010E0F003291E0 /* WeatherAppTests */ = {
			isa = PBXGroup;
			children = (
				03F5487425010E0F003291E0 /* Info.plist */,
				0360DA3B2513800C0084124A /* NetworkManagerTest.swift */,
				0360DA3D2513C4A10084124A /* CurrentWeatherViewModelTests.swift */,
			);
			path = WeatherAppTests;
			sourceTree = "<group>";
		};
		03F5488B250122C6003291E0 /* Controllers */ = {
			isa = PBXGroup;
			children = (
				03F54895250258EC003291E0 /* MainViewController.swift */,
				03F5489B2502DBF2003291E0 /* CurrentWeatherViewController.swift */,
				03C7565D2507BA2A00447E2F /* WeekWeatherViewController.swift */,
			);
			path = Controllers;
			sourceTree = "<group>";
		};
		03F5488C250123F5003291E0 /* Models */ = {
			isa = PBXGroup;
			children = (
				03F5488D2501241B003291E0 /* WeatherModels.swift */,
				03C75663250979EC00447E2F /* WeekWeather.swift */,
				0360DA3925124F9D0084124A /* Coordinates.swift */,
			);
			path = Models;
			sourceTree = "<group>";
		};
		03F5489725025DB2003291E0 /* ViewModels */ = {
			isa = PBXGroup;
			children = (
				03F5489925025DF3003291E0 /* CurrentWeatherViewModel.swift */,
				03C7565F2507C00400447E2F /* WeekWeatherViewModel.swift */,
			);
			path = ViewModels;
			sourceTree = "<group>";
		};
		03F5489825025DBC003291E0 /* Views */ = {
			isa = PBXGroup;
			children = (
				03F5489D2502E843003291E0 /* CurrentWeatherView.swift */,
				03F548A12503939B003291E0 /* InfoElement.swift */,
				03C756612508D6E000447E2F /* WeatherTableViewCell.swift */,
			);
			path = Views;
			sourceTree = "<group>";
		};
/* End PBXGroup section */

/* Begin PBXNativeTarget section */
		03F5485425010E0C003291E0 /* WeatherApp */ = {
			isa = PBXNativeTarget;
			buildConfigurationList = 03F5488225010E0F003291E0 /* Build configuration list for PBXNativeTarget "WeatherApp" */;
			buildPhases = (
				03F5485125010E0C003291E0 /* Sources */,
				03F5485225010E0C003291E0 /* Frameworks */,
				03F5485325010E0C003291E0 /* Resources */,
			);
			buildRules = (
			);
			dependencies = (
			);
			name = WeatherApp;
			productName = WeatherApp;
			productReference = 03F5485525010E0C003291E0 /* WeatherApp.app */;
			productType = "com.apple.product-type.application";
		};
		03F5486D25010E0F003291E0 /* WeatherAppTests */ = {
			isa = PBXNativeTarget;
			buildConfigurationList = 03F5488525010E0F003291E0 /* Build configuration list for PBXNativeTarget "WeatherAppTests" */;
			buildPhases = (
				03F5486A25010E0F003291E0 /* Sources */,
				03F5486B25010E0F003291E0 /* Frameworks */,
				03F5486C25010E0F003291E0 /* Resources */,
			);
			buildRules = (
			);
			dependencies = (
				03F5487025010E0F003291E0 /* PBXTargetDependency */,
			);
			name = WeatherAppTests;
			productName = WeatherAppTests;
			productReference = 03F5486E25010E0F003291E0 /* WeatherAppTests.xctest */;
			productType = "com.apple.product-type.bundle.unit-test";
		};
/* End PBXNativeTarget section */

/* Begin PBXProject section */
		03F5484D25010E0C003291E0 /* Project object */ = {
			isa = PBXProject;
			attributes = {
				LastSwiftUpdateCheck = 1150;
				LastUpgradeCheck = 1150;
				ORGANIZATIONNAME = "Никита Плахин";
				TargetAttributes = {
					03F5485425010E0C003291E0 = {
						CreatedOnToolsVersion = 11.5;
					};
					03F5486D25010E0F003291E0 = {
						CreatedOnToolsVersion = 11.5;
						TestTargetID = 03F5485425010E0C003291E0;
					};
				};
			};
			buildConfigurationList = 03F5485025010E0C003291E0 /* Build configuration list for PBXProject "WeatherApp" */;
			compatibilityVersion = "Xcode 9.3";
			developmentRegion = en;
			hasScannedForEncodings = 0;
			knownRegions = (
				en,
				Base,
			);
			mainGroup = 03F5484C25010E0C003291E0;
			productRefGroup = 03F5485625010E0C003291E0 /* Products */;
			projectDirPath = "";
			projectRoot = "";
			targets = (
				03F5485425010E0C003291E0 /* WeatherApp */,
				03F5486D25010E0F003291E0 /* WeatherAppTests */,
			);
		};
/* End PBXProject section */

/* Begin PBXResourcesBuildPhase section */
		03F5485325010E0C003291E0 /* Resources */ = {
			isa = PBXResourcesBuildPhase;
			buildActionMask = 2147483647;
			files = (
				03F5486825010E0F003291E0 /* LaunchScreen.storyboard in Resources */,
				03F5486525010E0F003291E0 /* Assets.xcassets in Resources */,
			);
			runOnlyForDeploymentPostprocessing = 0;
		};
		03F5486C25010E0F003291E0 /* Resources */ = {
			isa = PBXResourcesBuildPhase;
			buildActionMask = 2147483647;
			files = (
			);
			runOnlyForDeploymentPostprocessing = 0;
		};
/* End PBXResourcesBuildPhase section */

/* Begin PBXSourcesBuildPhase section */
		03F5485125010E0C003291E0 /* Sources */ = {
			isa = PBXSourcesBuildPhase;
			buildActionMask = 2147483647;
			files = (
				03C756622508D6E000447E2F /* WeatherTableViewCell.swift in Sources */,
				03F5489225012750003291E0 /* NetworkManager.swift in Sources */,
				03C7565E2507BA2A00447E2F /* WeekWeatherViewController.swift in Sources */,
				03F5488E2501241B003291E0 /* WeatherModels.swift in Sources */,
				03F5489E2502E843003291E0 /* CurrentWeatherView.swift in Sources */,
				03F5489C2502DBF2003291E0 /* CurrentWeatherViewController.swift in Sources */,
				03F5485925010E0C003291E0 /* AppDelegate.swift in Sources */,
				03F548A22503939B003291E0 /* InfoElement.swift in Sources */,
				03C75664250979EC00447E2F /* WeekWeather.swift in Sources */,
				0360DA3A25124F9D0084124A /* Coordinates.swift in Sources */,
				03F54896250258EC003291E0 /* MainViewController.swift in Sources */,
				03F5489A25025DF3003291E0 /* CurrentWeatherViewModel.swift in Sources */,
				03C756602507C00400447E2F /* WeekWeatherViewModel.swift in Sources */,
				0360DA38251245B30084124A /* LocationManager.swift in Sources */,
			);
			runOnlyForDeploymentPostprocessing = 0;
		};
		03F5486A25010E0F003291E0 /* Sources */ = {
			isa = PBXSourcesBuildPhase;
			buildActionMask = 2147483647;
			files = (
				0360DA3E2513C4A10084124A /* CurrentWeatherViewModelTests.swift in Sources */,
				0360DA3C2513800C0084124A /* NetworkManagerTest.swift in Sources */,
			);
			runOnlyForDeploymentPostprocessing = 0;
		};
/* End PBXSourcesBuildPhase section */

/* Begin PBXTargetDependency section */
		03F5487025010E0F003291E0 /* PBXTargetDependency */ = {
			isa = PBXTargetDependency;
			target = 03F5485425010E0C003291E0 /* WeatherApp */;
			targetProxy = 03F5486F25010E0F003291E0 /* PBXContainerItemProxy */;
		};
/* End PBXTargetDependency section */

/* Begin PBXVariantGroup section */
		03F5486625010E0F003291E0 /* LaunchScreen.storyboard */ = {
			isa = PBXVariantGroup;
			children = (
				03F5486725010E0F003291E0 /* Base */,
			);
			name = LaunchScreen.storyboard;
			sourceTree = "<group>";
		};
/* End PBXVariantGroup section */

/* Begin XCBuildConfiguration section */
		03F5488025010E0F003291E0 /* Debug */ = {
			isa = XCBuildConfiguration;
			buildSettings = {
				ALWAYS_SEARCH_USER_PATHS = NO;
				CLANG_ANALYZER_NONNULL = YES;
				CLANG_ANALYZER_NUMBER_OBJECT_CONVERSION = YES_AGGRESSIVE;
				CLANG_CXX_LANGUAGE_STANDARD = "gnu++14";
				CLANG_CXX_LIBRARY = "libc++";
				CLANG_ENABLE_MODULES = YES;
				CLANG_ENABLE_OBJC_ARC = YES;
				CLANG_ENABLE_OBJC_WEAK = YES;
				CLANG_WARN_BLOCK_CAPTURE_AUTORELEASING = YES;
				CLANG_WARN_BOOL_CONVERSION = YES;
				CLANG_WARN_COMMA = YES;
				CLANG_WARN_CONSTANT_CONVERSION = YES;
				CLANG_WARN_DEPRECATED_OBJC_IMPLEMENTATIONS = YES;
				CLANG_WARN_DIRECT_OBJC_ISA_USAGE = YES_ERROR;
				CLANG_WARN_DOCUMENTATION_COMMENTS = YES;
				CLANG_WARN_EMPTY_BODY = YES;
				CLANG_WARN_ENUM_CONVERSION = YES;
				CLANG_WARN_INFINITE_RECURSION = YES;
				CLANG_WARN_INT_CONVERSION = YES;
				CLANG_WARN_NON_LITERAL_NULL_CONVERSION = YES;
				CLANG_WARN_OBJC_IMPLICIT_RETAIN_SELF = YES;
				CLANG_WARN_OBJC_LITERAL_CONVERSION = YES;
				CLANG_WARN_OBJC_ROOT_CLASS = YES_ERROR;
				CLANG_WARN_RANGE_LOOP_ANALYSIS = YES;
				CLANG_WARN_STRICT_PROTOTYPES = YES;
				CLANG_WARN_SUSPICIOUS_MOVE = YES;
				CLANG_WARN_UNGUARDED_AVAILABILITY = YES_AGGRESSIVE;
				CLANG_WARN_UNREACHABLE_CODE = YES;
				CLANG_WARN__DUPLICATE_METHOD_MATCH = YES;
				COPY_PHASE_STRIP = NO;
				DEBUG_INFORMATION_FORMAT = dwarf;
				ENABLE_STRICT_OBJC_MSGSEND = YES;
				ENABLE_TESTABILITY = YES;
				GCC_C_LANGUAGE_STANDARD = gnu11;
				GCC_DYNAMIC_NO_PIC = NO;
				GCC_NO_COMMON_BLOCKS = YES;
				GCC_OPTIMIZATION_LEVEL = 0;
				GCC_PREPROCESSOR_DEFINITIONS = (
					"DEBUG=1",
					"$(inherited)",
				);
				GCC_WARN_64_TO_32_BIT_CONVERSION = YES;
				GCC_WARN_ABOUT_RETURN_TYPE = YES_ERROR;
				GCC_WARN_UNDECLARED_SELECTOR = YES;
				GCC_WARN_UNINITIALIZED_AUTOS = YES_AGGRESSIVE;
				GCC_WARN_UNUSED_FUNCTION = YES;
				GCC_WARN_UNUSED_VARIABLE = YES;
				IPHONEOS_DEPLOYMENT_TARGET = 13.5;
				MTL_ENABLE_DEBUG_INFO = INCLUDE_SOURCE;
				MTL_FAST_MATH = YES;
				ONLY_ACTIVE_ARCH = YES;
				SDKROOT = iphoneos;
				SWIFT_ACTIVE_COMPILATION_CONDITIONS = DEBUG;
				SWIFT_OPTIMIZATION_LEVEL = "-Onone";
			};
			name = Debug;
		};
		03F5488125010E0F003291E0 /* Release */ = {
			isa = XCBuildConfiguration;
			buildSettings = {
				ALWAYS_SEARCH_USER_PATHS = NO;
				CLANG_ANALYZER_NONNULL = YES;
				CLANG_ANALYZER_NUMBER_OBJECT_CONVERSION = YES_AGGRESSIVE;
				CLANG_CXX_LANGUAGE_STANDARD = "gnu++14";
				CLANG_CXX_LIBRARY = "libc++";
				CLANG_ENABLE_MODULES = YES;
				CLANG_ENABLE_OBJC_ARC = YES;
				CLANG_ENABLE_OBJC_WEAK = YES;
				CLANG_WARN_BLOCK_CAPTURE_AUTORELEASING = YES;
				CLANG_WARN_BOOL_CONVERSION = YES;
				CLANG_WARN_COMMA = YES;
				CLANG_WARN_CONSTANT_CONVERSION = YES;
				CLANG_WARN_DEPRECATED_OBJC_IMPLEMENTATIONS = YES;
				CLANG_WARN_DIRECT_OBJC_ISA_USAGE = YES_ERROR;
				CLANG_WARN_DOCUMENTATION_COMMENTS = YES;
				CLANG_WARN_EMPTY_BODY = YES;
				CLANG_WARN_ENUM_CONVERSION = YES;
				CLANG_WARN_INFINITE_RECURSION = YES;
				CLANG_WARN_INT_CONVERSION = YES;
				CLANG_WARN_NON_LITERAL_NULL_CONVERSION = YES;
				CLANG_WARN_OBJC_IMPLICIT_RETAIN_SELF = YES;
				CLANG_WARN_OBJC_LITERAL_CONVERSION = YES;
				CLANG_WARN_OBJC_ROOT_CLASS = YES_ERROR;
				CLANG_WARN_RANGE_LOOP_ANALYSIS = YES;
				CLANG_WARN_STRICT_PROTOTYPES = YES;
				CLANG_WARN_SUSPICIOUS_MOVE = YES;
				CLANG_WARN_UNGUARDED_AVAILABILITY = YES_AGGRESSIVE;
				CLANG_WARN_UNREACHABLE_CODE = YES;
				CLANG_WARN__DUPLICATE_METHOD_MATCH = YES;
				COPY_PHASE_STRIP = NO;
				DEBUG_INFORMATION_FORMAT = "dwarf-with-dsym";
				ENABLE_NS_ASSERTIONS = NO;
				ENABLE_STRICT_OBJC_MSGSEND = YES;
				GCC_C_LANGUAGE_STANDARD = gnu11;
				GCC_NO_COMMON_BLOCKS = YES;
				GCC_WARN_64_TO_32_BIT_CONVERSION = YES;
				GCC_WARN_ABOUT_RETURN_TYPE = YES_ERROR;
				GCC_WARN_UNDECLARED_SELECTOR = YES;
				GCC_WARN_UNINITIALIZED_AUTOS = YES_AGGRESSIVE;
				GCC_WARN_UNUSED_FUNCTION = YES;
				GCC_WARN_UNUSED_VARIABLE = YES;
				IPHONEOS_DEPLOYMENT_TARGET = 13.5;
				MTL_ENABLE_DEBUG_INFO = NO;
				MTL_FAST_MATH = YES;
				SDKROOT = iphoneos;
				SWIFT_COMPILATION_MODE = wholemodule;
				SWIFT_OPTIMIZATION_LEVEL = "-O";
				VALIDATE_PRODUCT = YES;
			};
			name = Release;
		};
		03F5488325010E0F003291E0 /* Debug */ = {
			isa = XCBuildConfiguration;
			buildSettings = {
				ASSETCATALOG_COMPILER_APPICON_NAME = AppIcon;
				CODE_SIGN_STYLE = Automatic;
				DEVELOPMENT_TEAM = L5SUV54N8U;
				INFOPLIST_FILE = WeatherApp/Info.plist;
				LD_RUNPATH_SEARCH_PATHS = (
					"$(inherited)",
					"@executable_path/Frameworks",
				);
				PRODUCT_BUNDLE_IDENTIFIER = nplkhn.WeatherApp;
				PRODUCT_NAME = "$(TARGET_NAME)";
				SWIFT_VERSION = 5.0;
				TARGETED_DEVICE_FAMILY = "1,2";
			};
			name = Debug;
		};
		03F5488425010E0F003291E0 /* Release */ = {
			isa = XCBuildConfiguration;
			buildSettings = {
				ASSETCATALOG_COMPILER_APPICON_NAME = AppIcon;
				CODE_SIGN_STYLE = Automatic;
				DEVELOPMENT_TEAM = L5SUV54N8U;
				INFOPLIST_FILE = WeatherApp/Info.plist;
				LD_RUNPATH_SEARCH_PATHS = (
					"$(inherited)",
					"@executable_path/Frameworks",
				);
				PRODUCT_BUNDLE_IDENTIFIER = nplkhn.WeatherApp;
				PRODUCT_NAME = "$(TARGET_NAME)";
				SWIFT_VERSION = 5.0;
				TARGETED_DEVICE_FAMILY = "1,2";
			};
			name = Release;
		};
		03F5488625010E0F003291E0 /* Debug */ = {
			isa = XCBuildConfiguration;
			buildSettings = {
				ALWAYS_EMBED_SWIFT_STANDARD_LIBRARIES = YES;
				BUNDLE_LOADER = "$(TEST_HOST)";
				CODE_SIGN_STYLE = Automatic;
				DEVELOPMENT_TEAM = L5SUV54N8U;
				INFOPLIST_FILE = WeatherAppTests/Info.plist;
				IPHONEOS_DEPLOYMENT_TARGET = 13.5;
				LD_RUNPATH_SEARCH_PATHS = (
					"$(inherited)",
					"@executable_path/Frameworks",
					"@loader_path/Frameworks",
				);
				PRODUCT_BUNDLE_IDENTIFIER = nplkhn.WeatherAppTests;
				PRODUCT_NAME = "$(TARGET_NAME)";
				SWIFT_VERSION = 5.0;
				TARGETED_DEVICE_FAMILY = "1,2";
				TEST_HOST = "$(BUILT_PRODUCTS_DIR)/WeatherApp.app/WeatherApp";
			};
			name = Debug;
		};
		03F5488725010E0F003291E0 /* Release */ = {
			isa = XCBuildConfiguration;
			buildSettings = {
				ALWAYS_EMBED_SWIFT_STANDARD_LIBRARIES = YES;
				BUNDLE_LOADER = "$(TEST_HOST)";
				CODE_SIGN_STYLE = Automatic;
				DEVELOPMENT_TEAM = L5SUV54N8U;
				INFOPLIST_FILE = WeatherAppTests/Info.plist;
				IPHONEOS_DEPLOYMENT_TARGET = 13.5;
				LD_RUNPATH_SEARCH_PATHS = (
					"$(inherited)",
					"@executable_path/Frameworks",
					"@loader_path/Frameworks",
				);
				PRODUCT_BUNDLE_IDENTIFIER = nplkhn.WeatherAppTests;
				PRODUCT_NAME = "$(TARGET_NAME)";
				SWIFT_VERSION = 5.0;
				TARGETED_DEVICE_FAMILY = "1,2";
				TEST_HOST = "$(BUILT_PRODUCTS_DIR)/WeatherApp.app/WeatherApp";
			};
			name = Release;
		};
/* End XCBuildConfiguration section */

/* Begin XCConfigurationList section */
		03F5485025010E0C003291E0 /* Build configuration list for PBXProject "WeatherApp" */ = {
			isa = XCConfigurationList;
			buildConfigurations = (
				03F5488025010E0F003291E0 /* Debug */,
				03F5488125010E0F003291E0 /* Release */,
			);
			defaultConfigurationIsVisible = 0;
			defaultConfigurationName = Release;
		};
		03F5488225010E0F003291E0 /* Build configuration list for PBXNativeTarget "WeatherApp" */ = {
			isa = XCConfigurationList;
			buildConfigurations = (
				03F5488325010E0F003291E0 /* Debug */,
				03F5488425010E0F003291E0 /* Release */,
			);
			defaultConfigurationIsVisible = 0;
			defaultConfigurationName = Release;
		};
		03F5488525010E0F003291E0 /* Build configuration list for PBXNativeTarget "WeatherAppTests" */ = {
			isa = XCConfigurationList;
			buildConfigurations = (
				03F5488625010E0F003291E0 /* Debug */,
				03F5488725010E0F003291E0 /* Release */,
			);
			defaultConfigurationIsVisible = 0;
			defaultConfigurationName = Release;
		};
/* End XCConfigurationList section */
	};
	rootObject = 03F5484D25010E0C003291E0 /* Project object */;
}
